
Microsoft Visual Studio Solution File, Format Version 12.00
# Visual Studio 15
VisualStudioVersion = 15.0.27004.2006
MinimumVisualStudioVersion = 10.0.40219.1
Project("{2150E333-8FDC-42A3-9474-1A3956D46DE8}") = "1 - Presentation", "1 - Presentation", "{D5624B54-DB44-4971-85CB-926446C4B51B}"
EndProject
Project("{2150E333-8FDC-42A3-9474-1A3956D46DE8}") = "2 - Services", "2 - Services", "{CDA09761-F265-4493-A49E-3CD8405CE344}"
EndProject
Project("{2150E333-8FDC-42A3-9474-1A3956D46DE8}") = "3 - Application", "3 - Application", "{EFA0491B-9750-4125-819B-6C5A10A62449}"
EndProject
Project("{2150E333-8FDC-42A3-9474-1A3956D46DE8}") = "4 - Domain", "4 - Domain", "{FFC70F0F-4F27-42F2-A103-839A4EA24857}"
EndProject
Project("{2150E333-8FDC-42A3-9474-1A3956D46DE8}") = "5 - Infra", "5 - Infra", "{5D072FD4-552C-4831-BCF6-EEFA81930FEE}"
EndProject
Project("{2150E333-8FDC-42A3-9474-1A3956D46DE8}") = "5.1 - Data", "5.1 - Data", "{0913F50D-9E30-4508-BFBA-4430202965D8}"
EndProject
Project("{2150E333-8FDC-42A3-9474-1A3956D46DE8}") = "5.2 - CrossCutting", "5.2 - CrossCutting", "{E5B59DEA-B7F0-439C-8977-C1F712B8D2AB}"
EndProject
Project("{9A19103F-16F7-4668-BE54-9A1E7A4F7556}") = "Eventos.IO.Domain", "src\Eventos.IO.Domain\Eventos.IO.Domain.csproj", "{96620D34-BFB5-409A-863D-8A6E92AFA0C6}"
EndProject
Project("{9A19103F-16F7-4668-BE54-9A1E7A4F7556}") = "Eventos.IO.Domain.Core", "src\Eventos.IO.Domain.Core\Eventos.IO.Domain.Core.csproj", "{B8A2D193-23C4-47AC-8C6C-4EEC8D5AC87E}"
EndProject
Project("{9A19103F-16F7-4668-BE54-9A1E7A4F7556}") = "Eventos.IO.Domain.Testing", "src\Eventos.IO.Domain.Testing\Eventos.IO.Domain.Testing.csproj", "{3902652A-A914-43BB-8C4B-8AAD88418C7B}"
EndProject
Project("{9A19103F-16F7-4668-BE54-9A1E7A4F7556}") = "Eventos.IO.Infra.Data", "src\Eventos.IO.Infra.Data\Eventos.IO.Infra.Data.csproj", "{9320C241-92FA-481B-8BCC-7B0713B72BED}"
EndProject
Project("{9A19103F-16F7-4668-BE54-9A1E7A4F7556}") = "Eventos.IO.Site", "src\Eventos.IO.Site\Eventos.IO.Site.csproj", "{31C3EB5A-8293-4DA1-BE5C-2F9BE2F7C108}"
EndProject
Project("{FAE04EC0-301F-11D3-BF4B-00C04F79EFBC}") = "Eventos.IO.Application", "src\Eventos.IO.Application\Eventos.IO.Application.csproj", "{464FFC0C-A978-46C4-8731-9DFCDBCFE6C6}"
EndProject
Global
	GlobalSection(SolutionConfigurationPlatforms) = preSolution
		Debug|Any CPU = Debug|Any CPU
		Release|Any CPU = Release|Any CPU
	EndGlobalSection
	GlobalSection(ProjectConfigurationPlatforms) = postSolution
		{96620D34-BFB5-409A-863D-8A6E92AFA0C6}.Debug|Any CPU.ActiveCfg = Debug|Any CPU
		{96620D34-BFB5-409A-863D-8A6E92AFA0C6}.Debug|Any CPU.Build.0 = Debug|Any CPU
		{96620D34-BFB5-409A-863D-8A6E92AFA0C6}.Release|Any CPU.ActiveCfg = Release|Any CPU
		{96620D34-BFB5-409A-863D-8A6E92AFA0C6}.Release|Any CPU.Build.0 = Release|Any CPU
		{B8A2D193-23C4-47AC-8C6C-4EEC8D5AC87E}.Debug|Any CPU.ActiveCfg = Debug|Any CPU
		{B8A2D193-23C4-47AC-8C6C-4EEC8D5AC87E}.Debug|Any CPU.Build.0 = Debug|Any CPU
		{B8A2D193-23C4-47AC-8C6C-4EEC8D5AC87E}.Release|Any CPU.ActiveCfg = Release|Any CPU
		{B8A2D193-23C4-47AC-8C6C-4EEC8D5AC87E}.Release|Any CPU.Build.0 = Release|Any CPU
		{3902652A-A914-43BB-8C4B-8AAD88418C7B}.Debug|Any CPU.ActiveCfg = Debug|Any CPU
		{3902652A-A914-43BB-8C4B-8AAD88418C7B}.Debug|Any CPU.Build.0 = Debug|Any CPU
		{3902652A-A914-43BB-8C4B-8AAD88418C7B}.Release|Any CPU.ActiveCfg = Release|Any CPU
		{3902652A-A914-43BB-8C4B-8AAD88418C7B}.Release|Any CPU.Build.0 = Release|Any CPU
		{9320C241-92FA-481B-8BCC-7B0713B72BED}.Debug|Any CPU.ActiveCfg = Debug|Any CPU
		{9320C241-92FA-481B-8BCC-7B0713B72BED}.Debug|Any CPU.Build.0 = Debug|Any CPU
		{9320C241-92FA-481B-8BCC-7B0713B72BED}.Release|Any CPU.ActiveCfg = Release|Any CPU
		{9320C241-92FA-481B-8BCC-7B0713B72BED}.Release|Any CPU.Build.0 = Release|Any CPU
		{31C3EB5A-8293-4DA1-BE5C-2F9BE2F7C108}.Debug|Any CPU.ActiveCfg = Debug|Any CPU
		{31C3EB5A-8293-4DA1-BE5C-2F9BE2F7C108}.Debug|Any CPU.Build.0 = Debug|Any CPU
		{31C3EB5A-8293-4DA1-BE5C-2F9BE2F7C108}.Release|Any CPU.ActiveCfg = Release|Any CPU
		{31C3EB5A-8293-4DA1-BE5C-2F9BE2F7C108}.Release|Any CPU.Build.0 = Release|Any CPU
		{464FFC0C-A978-46C4-8731-9DFCDBCFE6C6}.Debug|Any CPU.ActiveCfg = Debug|Any CPU
		{464FFC0C-A978-46C4-8731-9DFCDBCFE6C6}.Debug|Any CPU.Build.0 = Debug|Any CPU
		{464FFC0C-A978-46C4-8731-9DFCDBCFE6C6}.Release|Any CPU.ActiveCfg = Release|Any CPU
		{464FFC0C-A978-46C4-8731-9DFCDBCFE6C6}.Release|Any CPU.Build.0 = Release|Any CPU
	EndGlobalSection
	GlobalSection(SolutionProperties) = preSolution
		HideSolutionNode = FALSE
	EndGlobalSection
	GlobalSection(NestedProjects) = preSolution
		{0913F50D-9E30-4508-BFBA-4430202965D8} = {5D072FD4-552C-4831-BCF6-EEFA81930FEE}
		{E5B59DEA-B7F0-439C-8977-C1F712B8D2AB} = {5D072FD4-552C-4831-BCF6-EEFA81930FEE}
		{96620D34-BFB5-409A-863D-8A6E92AFA0C6} = {FFC70F0F-4F27-42F2-A103-839A4EA24857}
		{B8A2D193-23C4-47AC-8C6C-4EEC8D5AC87E} = {FFC70F0F-4F27-42F2-A103-839A4EA24857}
		{3902652A-A914-43BB-8C4B-8AAD88418C7B} = {FFC70F0F-4F27-42F2-A103-839A4EA24857}
		{9320C241-92FA-481B-8BCC-7B0713B72BED} = {0913F50D-9E30-4508-BFBA-4430202965D8}
		{31C3EB5A-8293-4DA1-BE5C-2F9BE2F7C108} = {D5624B54-DB44-4971-85CB-926446C4B51B}
		{464FFC0C-A978-46C4-8731-9DFCDBCFE6C6} = {EFA0491B-9750-4125-819B-6C5A10A62449}
	EndGlobalSection
	GlobalSection(ExtensibilityGlobals) = postSolution
		SolutionGuid = {79BCEDB3-5DCE-4C9F-80BA-34A4732B70E4}
	EndGlobalSection
EndGlobal
